
Microsoft Visual Studio Solution File, Format Version 12.00
# Visual Studio Version 17
VisualStudioVersion = 17.9.34714.143
MinimumVisualStudioVersion = 10.0.40219.1
Project("{9A19103F-16F7-4668-BE54-9A1E7A4F7556}") = "ProductAPI", "ProductAPI\ProductAPI.csproj", "{33FC8F7A-BFAD-4ABA-BBBB-DECE70D93602}"
EndProject
Project("{FAE04EC0-301F-11D3-BF4B-00C04F79EFBC}") = "ProductAPI.Tests", "ProductAPI.Tests\ProductAPI.Tests.csproj", "{4534BDF8-076C-4F15-AE7E-85AEE999725D}"
EndProject
Global
	GlobalSection(SolutionConfigurationPlatforms) = preSolution
		Debug|Any CPU = Debug|Any CPU
		Release|Any CPU = Release|Any CPU
	EndGlobalSection
	GlobalSection(ProjectConfigurationPlatforms) = postSolution
		{33FC8F7A-BFAD-4ABA-BBBB-DECE70D93602}.Debug|Any CPU.ActiveCfg = Debug|Any CPU
		{33FC8F7A-BFAD-4ABA-BBBB-DECE70D93602}.Debug|Any CPU.Build.0 = Debug|Any CPU
		{33FC8F7A-BFAD-4ABA-BBBB-DECE70D93602}.Release|Any CPU.ActiveCfg = Release|Any CPU
		{33FC8F7A-BFAD-4ABA-BBBB-DECE70D93602}.Release|Any CPU.Build.0 = Release|Any CPU
		{4534BDF8-076C-4F15-AE7E-85AEE999725D}.Debug|Any CPU.ActiveCfg = Debug|Any CPU
		{4534BDF8-076C-4F15-AE7E-85AEE999725D}.Debug|Any CPU.Build.0 = Debug|Any CPU
		{4534BDF8-076C-4F15-AE7E-85AEE999725D}.Release|Any CPU.ActiveCfg = Release|Any CPU
		{4534BDF8-076C-4F15-AE7E-85AEE999725D}.Release|Any CPU.Build.0 = Release|Any CPU
	EndGlobalSection
	GlobalSection(SolutionProperties) = preSolution
		HideSolutionNode = FALSE
	EndGlobalSection
	GlobalSection(ExtensibilityGlobals) = postSolution
		SolutionGuid = {ACCFD05D-B0FF-4FC2-8526-55A2EB6C3218}
	EndGlobalSection
EndGlobal
